// !$*UTF8*$!
{
	archiveVersion = 1;
	classes = {
	};
	objectVersion = 50;
	objects = {

/* Begin PBXBuildFile section */
		9A10AF7924875D8600143DAA /* ChecklistItem.swift in Sources */ = {isa = PBXBuildFile; fileRef = 9A10AF7824875D8600143DAA /* ChecklistItem.swift */; };
		9A10AF7B24875FD300143DAA /* Checklist.swift in Sources */ = {isa = PBXBuildFile; fileRef = 9A10AF7A24875FD300143DAA /* Checklist.swift */; };
		9A10AF7D248763DD00143DAA /* EditChecklistItemView.swift in Sources */ = {isa = PBXBuildFile; fileRef = 9A10AF7C248763DD00143DAA /* EditChecklistItemView.swift */; };
		9A4AB619247E1FB20037123C /* AppDelegate.swift in Sources */ = {isa = PBXBuildFile; fileRef = 9A4AB618247E1FB20037123C /* AppDelegate.swift */; };
		9A4AB61B247E1FB20037123C /* SceneDelegate.swift in Sources */ = {isa = PBXBuildFile; fileRef = 9A4AB61A247E1FB20037123C /* SceneDelegate.swift */; };
		9A4AB61D247E1FB20037123C /* checklistView.swift in Sources */ = {isa = PBXBuildFile; fileRef = 9A4AB61C247E1FB20037123C /* checklistView.swift */; };
		9A4AB61F247E1FBD0037123C /* Assets.xcassets in Resources */ = {isa = PBXBuildFile; fileRef = 9A4AB61E247E1FBD0037123C /* Assets.xcassets */; };
		9A4AB622247E1FBD0037123C /* Preview Assets.xcassets in Resources */ = {isa = PBXBuildFile; fileRef = 9A4AB621247E1FBD0037123C /* Preview Assets.xcassets */; };
		9A4AB625247E1FBD0037123C /* LaunchScreen.storyboard in Resources */ = {isa = PBXBuildFile; fileRef = 9A4AB623247E1FBD0037123C /* LaunchScreen.storyboard */; };
/* End PBXBuildFile section */

/* Begin PBXFileReference section */
		9A10AF7824875D8600143DAA /* ChecklistItem.swift */ = {isa = PBXFileReference; lastKnownFileType = sourcecode.swift; path = ChecklistItem.swift; sourceTree = "<group>"; };
		9A10AF7A24875FD300143DAA /* Checklist.swift */ = {isa = PBXFileReference; lastKnownFileType = sourcecode.swift; path = Checklist.swift; sourceTree = "<group>"; };
		9A10AF7C248763DD00143DAA /* EditChecklistItemView.swift */ = {isa = PBXFileReference; lastKnownFileType = sourcecode.swift; path = EditChecklistItemView.swift; sourceTree = "<group>"; };
		9A4AB615247E1FB20037123C /* ChecklistV1.app */ = {isa = PBXFileReference; explicitFileType = wrapper.application; includeInIndex = 0; path = ChecklistV1.app; sourceTree = BUILT_PRODUCTS_DIR; };
		9A4AB618247E1FB20037123C /* AppDelegate.swift */ = {isa = PBXFileReference; lastKnownFileType = sourcecode.swift; path = AppDelegate.swift; sourceTree = "<group>"; };
		9A4AB61A247E1FB20037123C /* SceneDelegate.swift */ = {isa = PBXFileReference; lastKnownFileType = sourcecode.swift; path = SceneDelegate.swift; sourceTree = "<group>"; };
		9A4AB61C247E1FB20037123C /* checklistView.swift */ = {isa = PBXFileReference; lastKnownFileType = sourcecode.swift; path = checklistView.swift; sourceTree = "<group>"; };
		9A4AB61E247E1FBD0037123C /* Assets.xcassets */ = {isa = PBXFileReference; lastKnownFileType = folder.assetcatalog; path = Assets.xcassets; sourceTree = "<group>"; };
		9A4AB621247E1FBD0037123C /* Preview Assets.xcassets */ = {isa = PBXFileReference; lastKnownFileType = folder.assetcatalog; path = "Preview Assets.xcassets"; sourceTree = "<group>"; };
		9A4AB624247E1FBD0037123C /* Base */ = {isa = PBXFileReference; lastKnownFileType = file.storyboard; name = Base; path = Base.lproj/LaunchScreen.storyboard; sourceTree = "<group>"; };
		9A4AB626247E1FBD0037123C /* Info.plist */ = {isa = PBXFileReference; lastKnownFileType = text.plist.xml; path = Info.plist; sourceTree = "<group>"; };
/* End PBXFileReference section */

/* Begin PBXFrameworksBuildPhase section */
		9A4AB612247E1FB20037123C /* Frameworks */ = {
			isa = PBXFrameworksBuildPhase;
			buildActionMask = 2147483647;
			files = (
			);
			runOnlyForDeploymentPostprocessing = 0;
		};
/* End PBXFrameworksBuildPhase section */

/* Begin PBXGroup section */
		9A4AB60C247E1FB20037123C = {
			isa = PBXGroup;
			children = (
				9A4AB617247E1FB20037123C /* ChecklistV1 */,
				9A4AB616247E1FB20037123C /* Products */,
			);
			sourceTree = "<group>";
		};
		9A4AB616247E1FB20037123C /* Products */ = {
			isa = PBXGroup;
			children = (
				9A4AB615247E1FB20037123C /* ChecklistV1.app */,
			);
			name = Products;
			sourceTree = "<group>";
		};
		9A4AB617247E1FB20037123C /* ChecklistV1 */ = {
			isa = PBXGroup;
			children = (
				9A4AB618247E1FB20037123C /* AppDelegate.swift */,
				9A4AB61A247E1FB20037123C /* SceneDelegate.swift */,
				9A4AB61C247E1FB20037123C /* checklistView.swift */,
				9A10AF7824875D8600143DAA /* ChecklistItem.swift */,
				9A10AF7A24875FD300143DAA /* Checklist.swift */,
				9A4AB61E247E1FBD0037123C /* Assets.xcassets */,
				9A4AB623247E1FBD0037123C /* LaunchScreen.storyboard */,
				9A4AB626247E1FBD0037123C /* Info.plist */,
				9A4AB620247E1FBD0037123C /* Preview Content */,
				9A10AF7C248763DD00143DAA /* EditChecklistItemView.swift */,
			);
			path = ChecklistV1;
			sourceTree = "<group>";
		};
		9A4AB620247E1FBD0037123C /* Preview Content */ = {
			isa = PBXGroup;
			children = (
				9A4AB621247E1FBD0037123C /* Preview Assets.xcassets */,
			);
			path = "Preview Content";
			sourceTree = "<group>";
		};
/* End PBXGroup section */

/* Begin PBXNativeTarget section */
		9A4AB614247E1FB20037123C /* ChecklistV1 */ = {
			isa = PBXNativeTarget;
			buildConfigurationList = 9A4AB629247E1FBD0037123C /* Build configuration list for PBXNativeTarget "ChecklistV1" */;
			buildPhases = (
				9A4AB611247E1FB20037123C /* Sources */,
				9A4AB612247E1FB20037123C /* Frameworks */,
				9A4AB613247E1FB20037123C /* Resources */,
			);
			buildRules = (
			);
			dependencies = (
			);
			name = ChecklistV1;
			productName = ChecklistV1;
			productReference = 9A4AB615247E1FB20037123C /* ChecklistV1.app */;
			productType = "com.apple.product-type.application";
		};
/* End PBXNativeTarget section */

/* Begin PBXProject section */
		9A4AB60D247E1FB20037123C /* Project object */ = {
			isa = PBXProject;
			attributes = {
				LastSwiftUpdateCheck = 1140;
				LastUpgradeCheck = 1140;
				ORGANIZATIONNAME = yehee;
				TargetAttributes = {
					9A4AB614247E1FB20037123C = {
						CreatedOnToolsVersion = 11.4.1;
					};
				};
			};
			buildConfigurationList = 9A4AB610247E1FB20037123C /* Build configuration list for PBXProject "ChecklistV1" */;
			compatibilityVersion = "Xcode 9.3";
			developmentRegion = en;
			hasScannedForEncodings = 0;
			knownRegions = (
				en,
				Base,
			);
			mainGroup = 9A4AB60C247E1FB20037123C;
			productRefGroup = 9A4AB616247E1FB20037123C /* Products */;
			projectDirPath = "";
			projectRoot = "";
			targets = (
				9A4AB614247E1FB20037123C /* ChecklistV1 */,
			);
		};
/* End PBXProject section */

/* Begin PBXResourcesBuildPhase section */
		9A4AB613247E1FB20037123C /* Resources */ = {
			isa = PBXResourcesBuildPhase;
			buildActionMask = 2147483647;
			files = (
				9A4AB625247E1FBD0037123C /* LaunchScreen.storyboard in Resources */,
				9A4AB622247E1FBD0037123C /* Preview Assets.xcassets in Resources */,
				9A4AB61F247E1FBD0037123C /* Assets.xcassets in Resources */,
			);
			runOnlyForDeploymentPostprocessing = 0;
		};
/* End PBXResourcesBuildPhase section */

/* Begin PBXSourcesBuildPhase section */
		9A4AB611247E1FB20037123C /* Sources */ = {
			isa = PBXSourcesBuildPhase;
			buildActionMask = 2147483647;
			files = (
				9A10AF7B24875FD300143DAA /* Checklist.swift in Sources */,
				9A4AB619247E1FB20037123C /* AppDelegate.swift in Sources */,
				9A4AB61B247E1FB20037123C /* SceneDelegate.swift in Sources */,
				9A4AB61D247E1FB20037123C /* checklistView.swift in Sources */,
				9A10AF7D248763DD00143DAA /* EditChecklistItemView.swift in Sources */,
				9A10AF7924875D8600143DAA /* ChecklistItem.swift in Sources */,
			);
			runOnlyForDeploymentPostprocessing = 0;
		};
/* End PBXSourcesBuildPhase section */

/* Begin PBXVariantGroup section */
		9A4AB623247E1FBD0037123C /* LaunchScreen.storyboard */ = {
			isa = PBXVariantGroup;
			children = (
				9A4AB624247E1FBD0037123C /* Base */,
			);
			name = LaunchScreen.storyboard;
			sourceTree = "<group>";
		};
/* End PBXVariantGroup section */

/* Begin XCBuildConfiguration section */
		9A4AB627247E1FBD0037123C /* Debug */ = {
			isa = XCBuildConfiguration;
			buildSettings = {
				ALWAYS_SEARCH_USER_PATHS = NO;
				CLANG_ANALYZER_NONNULL = YES;
				CLANG_ANALYZER_NUMBER_OBJECT_CONVERSION = YES_AGGRESSIVE;
				CLANG_CXX_LANGUAGE_STANDARD = "gnu++14";
				CLANG_CXX_LIBRARY = "libc++";
				CLANG_ENABLE_MODULES = YES;
				CLANG_ENABLE_OBJC_ARC = YES;
				CLANG_ENABLE_OBJC_WEAK = YES;
				CLANG_WARN_BLOCK_CAPTURE_AUTORELEASING = YES;
				CLANG_WARN_BOOL_CONVERSION = YES;
				CLANG_WARN_COMMA = YES;
				CLANG_WARN_CONSTANT_CONVERSION = YES;
				CLANG_WARN_DEPRECATED_OBJC_IMPLEMENTATIONS = YES;
				CLANG_WARN_DIRECT_OBJC_ISA_USAGE = YES_ERROR;
				CLANG_WARN_DOCUMENTATION_COMMENTS = YES;
				CLANG_WARN_EMPTY_BODY = YES;
				CLANG_WARN_ENUM_CONVERSION = YES;
				CLANG_WARN_INFINITE_RECURSION = YES;
				CLANG_WARN_INT_CONVERSION = YES;
				CLANG_WARN_NON_LITERAL_NULL_CONVERSION = YES;
				CLANG_WARN_OBJC_IMPLICIT_RETAIN_SELF = YES;
				CLANG_WARN_OBJC_LITERAL_CONVERSION = YES;
				CLANG_WARN_OBJC_ROOT_CLASS = YES_ERROR;
				CLANG_WARN_RANGE_LOOP_ANALYSIS = YES;
				CLANG_WARN_STRICT_PROTOTYPES = YES;
				CLANG_WARN_SUSPICIOUS_MOVE = YES;
				CLANG_WARN_UNGUARDED_AVAILABILITY = YES_AGGRESSIVE;
				CLANG_WARN_UNREACHABLE_CODE = YES;
				CLANG_WARN__DUPLICATE_METHOD_MATCH = YES;
				COPY_PHASE_STRIP = NO;
				DEBUG_INFORMATION_FORMAT = dwarf;
				ENABLE_STRICT_OBJC_MSGSEND = YES;
				ENABLE_TESTABILITY = YES;
				GCC_C_LANGUAGE_STANDARD = gnu11;
				GCC_DYNAMIC_NO_PIC = NO;
				GCC_NO_COMMON_BLOCKS = YES;
				GCC_OPTIMIZATION_LEVEL = 0;
				GCC_PREPROCESSOR_DEFINITIONS = (
					"DEBUG=1",
					"$(inherited)",
				);
				GCC_WARN_64_TO_32_BIT_CONVERSION = YES;
				GCC_WARN_ABOUT_RETURN_TYPE = YES_ERROR;
				GCC_WARN_UNDECLARED_SELECTOR = YES;
				GCC_WARN_UNINITIALIZED_AUTOS = YES_AGGRESSIVE;
				GCC_WARN_UNUSED_FUNCTION = YES;
				GCC_WARN_UNUSED_VARIABLE = YES;
				IPHONEOS_DEPLOYMENT_TARGET = 13.4;
				MTL_ENABLE_DEBUG_INFO = INCLUDE_SOURCE;
				MTL_FAST_MATH = YES;
				ONLY_ACTIVE_ARCH = YES;
				SDKROOT = iphoneos;
				SWIFT_ACTIVE_COMPILATION_CONDITIONS = DEBUG;
				SWIFT_OPTIMIZATION_LEVEL = "-Onone";
			};
			name = Debug;
		};
		9A4AB628247E1FBD0037123C /* Release */ = {
			isa = XCBuildConfiguration;
			buildSettings = {
				ALWAYS_SEARCH_USER_PATHS = NO;
				CLANG_ANALYZER_NONNULL = YES;
				CLANG_ANALYZER_NUMBER_OBJECT_CONVERSION = YES_AGGRESSIVE;
				CLANG_CXX_LANGUAGE_STANDARD = "gnu++14";
				CLANG_CXX_LIBRARY = "libc++";
				CLANG_ENABLE_MODULES = YES;
				CLANG_ENABLE_OBJC_ARC = YES;
				CLANG_ENABLE_OBJC_WEAK = YES;
				CLANG_WARN_BLOCK_CAPTURE_AUTORELEASING = YES;
				CLANG_WARN_BOOL_CONVERSION = YES;
				CLANG_WARN_COMMA = YES;
				CLANG_WARN_CONSTANT_CONVERSION = YES;
				CLANG_WARN_DEPRECATED_OBJC_IMPLEMENTATIONS = YES;
				CLANG_WARN_DIRECT_OBJC_ISA_USAGE = YES_ERROR;
				CLANG_WARN_DOCUMENTATION_COMMENTS = YES;
				CLANG_WARN_EMPTY_BODY = YES;
				CLANG_WARN_ENUM_CONVERSION = YES;
				CLANG_WARN_INFINITE_RECURSION = YES;
				CLANG_WARN_INT_CONVERSION = YES;
				CLANG_WARN_NON_LITERAL_NULL_CONVERSION = YES;
				CLANG_WARN_OBJC_IMPLICIT_RETAIN_SELF = YES;
				CLANG_WARN_OBJC_LITERAL_CONVERSION = YES;
				CLANG_WARN_OBJC_ROOT_CLASS = YES_ERROR;
				CLANG_WARN_RANGE_LOOP_ANALYSIS = YES;
				CLANG_WARN_STRICT_PROTOTYPES = YES;
				CLANG_WARN_SUSPICIOUS_MOVE = YES;
				CLANG_WARN_UNGUARDED_AVAILABILITY = YES_AGGRESSIVE;
				CLANG_WARN_UNREACHABLE_CODE = YES;
				CLANG_WARN__DUPLICATE_METHOD_MATCH = YES;
				COPY_PHASE_STRIP = NO;
				DEBUG_INFORMATION_FORMAT = "dwarf-with-dsym";
				ENABLE_NS_ASSERTIONS = NO;
				ENABLE_STRICT_OBJC_MSGSEND = YES;
				GCC_C_LANGUAGE_STANDARD = gnu11;
				GCC_NO_COMMON_BLOCKS = YES;
				GCC_WARN_64_TO_32_BIT_CONVERSION = YES;
				GCC_WARN_ABOUT_RETURN_TYPE = YES_ERROR;
				GCC_WARN_UNDECLARED_SELECTOR = YES;
				GCC_WARN_UNINITIALIZED_AUTOS = YES_AGGRESSIVE;
				GCC_WARN_UNUSED_FUNCTION = YES;
				GCC_WARN_UNUSED_VARIABLE = YES;
				IPHONEOS_DEPLOYMENT_TARGET = 13.4;
				MTL_ENABLE_DEBUG_INFO = NO;
				MTL_FAST_MATH = YES;
				SDKROOT = iphoneos;
				SWIFT_COMPILATION_MODE = wholemodule;
				SWIFT_OPTIMIZATION_LEVEL = "-O";
				VALIDATE_PRODUCT = YES;
			};
			name = Release;
		};
		9A4AB62A247E1FBD0037123C /* Debug */ = {
			isa = XCBuildConfiguration;
			buildSettings = {
				ASSETCATALOG_COMPILER_APPICON_NAME = AppIcon;
				CODE_SIGN_STYLE = Automatic;
				DEVELOPMENT_ASSET_PATHS = "\"ChecklistV1/Preview Content\"";
				DEVELOPMENT_TEAM = 3Y3Z2Z567H;
				ENABLE_PREVIEWS = YES;
				INFOPLIST_FILE = ChecklistV1/Info.plist;
				LD_RUNPATH_SEARCH_PATHS = (
					"$(inherited)",
					"@executable_path/Frameworks",
				);
				PRODUCT_BUNDLE_IDENTIFIER = kr.ac.sogang.cscp2.20171619.ChecklistV1;
				PRODUCT_NAME = "$(TARGET_NAME)";
				SWIFT_VERSION = 5.0;
				TARGETED_DEVICE_FAMILY = "1,2";
			};
			name = Debug;
		};
		9A4AB62B247E1FBD0037123C /* Release */ = {
			isa = XCBuildConfiguration;
			buildSettings = {
				ASSETCATALOG_COMPILER_APPICON_NAME = AppIcon;
				CODE_SIGN_STYLE = Automatic;
				DEVELOPMENT_ASSET_PATHS = "\"ChecklistV1/Preview Content\"";
				DEVELOPMENT_TEAM = 3Y3Z2Z567H;
				ENABLE_PREVIEWS = YES;
				INFOPLIST_FILE = ChecklistV1/Info.plist;
				LD_RUNPATH_SEARCH_PATHS = (
					"$(inherited)",
					"@executable_path/Frameworks",
				);
				PRODUCT_BUNDLE_IDENTIFIER = kr.ac.sogang.cscp2.20171619.ChecklistV1;
				PRODUCT_NAME = "$(TARGET_NAME)";
				SWIFT_VERSION = 5.0;
				TARGETED_DEVICE_FAMILY = "1,2";
			};
			name = Release;
		};
/* End XCBuildConfiguration section */

/* Begin XCConfigurationList section */
		9A4AB610247E1FB20037123C /* Build configuration list for PBXProject "ChecklistV1" */ = {
			isa = XCConfigurationList;
			buildConfigurations = (
				9A4AB627247E1FBD0037123C /* Debug */,
				9A4AB628247E1FBD0037123C /* Release */,
			);
			defaultConfigurationIsVisible = 0;
			defaultConfigurationName = Release;
		};
		9A4AB629247E1FBD0037123C /* Build configuration list for PBXNativeTarget "ChecklistV1" */ = {
			isa = XCConfigurationList;
			buildConfigurations = (
				9A4AB62A247E1FBD0037123C /* Debug */,
				9A4AB62B247E1FBD0037123C /* Release */,
			);
			defaultConfigurationIsVisible = 0;
			defaultConfigurationName = Release;
		};
/* End XCConfigurationList section */
	};
	rootObject = 9A4AB60D247E1FB20037123C /* Project object */;
}
